
Microsoft Visual Studio Solution File, Format Version 12.00
# Visual Studio 15
VisualStudioVersion = 15.0.28307.421
MinimumVisualStudioVersion = 10.0.40219.1
Project("{FAE04EC0-301F-11D3-BF4B-00C04F79EFBC}") = "FinanceScraper", "FinanceScraper_ConsoleApp\FinanceScraper.csproj", "{3BB0212F-8023-41BC-9538-172AE338AA25}"
EndProject
Global
	GlobalSection(SolutionConfigurationPlatforms) = preSolution
		Debug|Any CPU = Debug|Any CPU
		Release|Any CPU = Release|Any CPU
	EndGlobalSection
	GlobalSection(ProjectConfigurationPlatforms) = postSolution
		{3BB0212F-8023-41BC-9538-172AE338AA25}.Debug|Any CPU.ActiveCfg = Debug|Any CPU
		{3BB0212F-8023-41BC-9538-172AE338AA25}.Debug|Any CPU.Build.0 = Debug|Any CPU
		{3BB0212F-8023-41BC-9538-172AE338AA25}.Release|Any CPU.ActiveCfg = Release|Any CPU
		{3BB0212F-8023-41BC-9538-172AE338AA25}.Release|Any CPU.Build.0 = Release|Any CPU
	EndGlobalSection
	GlobalSection(SolutionProperties) = preSolution
		HideSolutionNode = FALSE
	EndGlobalSection
	GlobalSection(ExtensibilityGlobals) = postSolution
		SolutionGuid = {DD656358-4EE9-4B49-9192-769A7410A6F5}
	EndGlobalSection
EndGlobal
